
Microsoft Visual Studio Solution File, Format Version 12.00
# Visual Studio 14
VisualStudioVersion = 14.0.23107.0
MinimumVisualStudioVersion = 10.0.40219.1
Project("{FAE04EC0-301F-11D3-BF4B-00C04F79EFBC}") = "Contracts", "Contracts\Contracts.csproj", "{69825AE3-DA1A-40A1-B875-8037AA5D1998}"
EndProject
Project("{FAE04EC0-301F-11D3-BF4B-00C04F79EFBC}") = "Installer", "Installer\Installer.csproj", "{4D08F705-CA2B-446E-8F8E-959A8B8C2DFE}"
EndProject
Project("{FAE04EC0-301F-11D3-BF4B-00C04F79EFBC}") = "Manager", "Manager\Manager.csproj", "{F8241DEE-23F6-40F0-945A-4F83EB4D61E2}"
EndProject
Project("{2150E333-8FDC-42A3-9474-1A3956D46DE8}") = "Tests", "Tests", "{23EE0B49-2AD2-4992-B13F-668B7FA00356}"
EndProject
Project("{FAE04EC0-301F-11D3-BF4B-00C04F79EFBC}") = "Installer.Tests", "Installer.Tests\Installer.Tests.csproj", "{590B0308-EE72-4303-A7ED-BF4CCD4FCCC9}"
EndProject
Project("{FAE04EC0-301F-11D3-BF4B-00C04F79EFBC}") = "Manager.Tests", "Manager.Tests\Manager.Tests.csproj", "{8FB9BA3E-348D-438A-BD72-B782F125D926}"
EndProject
Project("{FAE04EC0-301F-11D3-BF4B-00C04F79EFBC}") = "ModApi", "ModApi\ModApi.csproj", "{36D6B04E-73C9-4A37-852E-F9E8D51F52D7}"
EndProject
Project("{FAE04EC0-301F-11D3-BF4B-00C04F79EFBC}") = "ModLoader", "ModLoader\ModLoader.csproj", "{B9140E4F-36EA-49CE-B07E-E82C500BA5AB}"
EndProject
Project("{FAE04EC0-301F-11D3-BF4B-00C04F79EFBC}") = "ModLoader.Tests", "ModLoader.Tests\ModLoader.Tests.csproj", "{A3578207-7334-4A9F-BB16-B7DAB306916E}"
EndProject
Project("{FAE04EC0-301F-11D3-BF4B-00C04F79EFBC}") = "Utility", "Utility\Utility.csproj", "{82F689DB-897E-49E5-987C-5B76401CAC90}"
EndProject
Project("{FAE04EC0-301F-11D3-BF4B-00C04F79EFBC}") = "Utility.Tests", "Utility.Tests\Utility.Tests.csproj", "{B1976AC2-E788-4B21-A99B-7EA1348CEB84}"
EndProject
Project("{6141683F-8A12-4E36-9623-2EB02B2C2303}") = "Setup", "Setup\Setup.isproj", "{38442A1D-E33D-4006-B99D-6C6D8601945F}"
EndProject
Global
	GlobalSection(SolutionConfigurationPlatforms) = preSolution
		CD_ROM|Any CPU = CD_ROM|Any CPU
		Debug|Any CPU = Debug|Any CPU
		DVD-5|Any CPU = DVD-5|Any CPU
		Release|Any CPU = Release|Any CPU
		SingleImage|Any CPU = SingleImage|Any CPU
	EndGlobalSection
	GlobalSection(ProjectConfigurationPlatforms) = postSolution
		{69825AE3-DA1A-40A1-B875-8037AA5D1998}.CD_ROM|Any CPU.ActiveCfg = Release|Any CPU
		{69825AE3-DA1A-40A1-B875-8037AA5D1998}.CD_ROM|Any CPU.Build.0 = Release|Any CPU
		{69825AE3-DA1A-40A1-B875-8037AA5D1998}.Debug|Any CPU.ActiveCfg = Debug|Any CPU
		{69825AE3-DA1A-40A1-B875-8037AA5D1998}.Debug|Any CPU.Build.0 = Debug|Any CPU
		{69825AE3-DA1A-40A1-B875-8037AA5D1998}.DVD-5|Any CPU.ActiveCfg = Debug|Any CPU
		{69825AE3-DA1A-40A1-B875-8037AA5D1998}.DVD-5|Any CPU.Build.0 = Debug|Any CPU
		{69825AE3-DA1A-40A1-B875-8037AA5D1998}.Release|Any CPU.ActiveCfg = Release|Any CPU
		{69825AE3-DA1A-40A1-B875-8037AA5D1998}.Release|Any CPU.Build.0 = Release|Any CPU
		{69825AE3-DA1A-40A1-B875-8037AA5D1998}.SingleImage|Any CPU.ActiveCfg = Release|Any CPU
		{69825AE3-DA1A-40A1-B875-8037AA5D1998}.SingleImage|Any CPU.Build.0 = Release|Any CPU
		{4D08F705-CA2B-446E-8F8E-959A8B8C2DFE}.CD_ROM|Any CPU.ActiveCfg = Release|Any CPU
		{4D08F705-CA2B-446E-8F8E-959A8B8C2DFE}.CD_ROM|Any CPU.Build.0 = Release|Any CPU
		{4D08F705-CA2B-446E-8F8E-959A8B8C2DFE}.Debug|Any CPU.ActiveCfg = Debug|Any CPU
		{4D08F705-CA2B-446E-8F8E-959A8B8C2DFE}.Debug|Any CPU.Build.0 = Debug|Any CPU
		{4D08F705-CA2B-446E-8F8E-959A8B8C2DFE}.DVD-5|Any CPU.ActiveCfg = Debug|Any CPU
		{4D08F705-CA2B-446E-8F8E-959A8B8C2DFE}.DVD-5|Any CPU.Build.0 = Debug|Any CPU
		{4D08F705-CA2B-446E-8F8E-959A8B8C2DFE}.Release|Any CPU.ActiveCfg = Release|Any CPU
		{4D08F705-CA2B-446E-8F8E-959A8B8C2DFE}.Release|Any CPU.Build.0 = Release|Any CPU
		{4D08F705-CA2B-446E-8F8E-959A8B8C2DFE}.SingleImage|Any CPU.ActiveCfg = Release|Any CPU
		{4D08F705-CA2B-446E-8F8E-959A8B8C2DFE}.SingleImage|Any CPU.Build.0 = Release|Any CPU
		{F8241DEE-23F6-40F0-945A-4F83EB4D61E2}.CD_ROM|Any CPU.ActiveCfg = Release|Any CPU
		{F8241DEE-23F6-40F0-945A-4F83EB4D61E2}.CD_ROM|Any CPU.Build.0 = Release|Any CPU
		{F8241DEE-23F6-40F0-945A-4F83EB4D61E2}.Debug|Any CPU.ActiveCfg = Debug|Any CPU
		{F8241DEE-23F6-40F0-945A-4F83EB4D61E2}.Debug|Any CPU.Build.0 = Debug|Any CPU
		{F8241DEE-23F6-40F0-945A-4F83EB4D61E2}.DVD-5|Any CPU.ActiveCfg = Debug|Any CPU
		{F8241DEE-23F6-40F0-945A-4F83EB4D61E2}.DVD-5|Any CPU.Build.0 = Debug|Any CPU
		{F8241DEE-23F6-40F0-945A-4F83EB4D61E2}.Release|Any CPU.ActiveCfg = Release|Any CPU
		{F8241DEE-23F6-40F0-945A-4F83EB4D61E2}.Release|Any CPU.Build.0 = Release|Any CPU
		{F8241DEE-23F6-40F0-945A-4F83EB4D61E2}.SingleImage|Any CPU.ActiveCfg = Release|Any CPU
		{F8241DEE-23F6-40F0-945A-4F83EB4D61E2}.SingleImage|Any CPU.Build.0 = Release|Any CPU
		{590B0308-EE72-4303-A7ED-BF4CCD4FCCC9}.CD_ROM|Any CPU.ActiveCfg = Release|Any CPU
		{590B0308-EE72-4303-A7ED-BF4CCD4FCCC9}.CD_ROM|Any CPU.Build.0 = Release|Any CPU
		{590B0308-EE72-4303-A7ED-BF4CCD4FCCC9}.Debug|Any CPU.ActiveCfg = Debug|Any CPU
		{590B0308-EE72-4303-A7ED-BF4CCD4FCCC9}.Debug|Any CPU.Build.0 = Debug|Any CPU
		{590B0308-EE72-4303-A7ED-BF4CCD4FCCC9}.DVD-5|Any CPU.ActiveCfg = Debug|Any CPU
		{590B0308-EE72-4303-A7ED-BF4CCD4FCCC9}.DVD-5|Any CPU.Build.0 = Debug|Any CPU
		{590B0308-EE72-4303-A7ED-BF4CCD4FCCC9}.Release|Any CPU.ActiveCfg = Release|Any CPU
		{590B0308-EE72-4303-A7ED-BF4CCD4FCCC9}.Release|Any CPU.Build.0 = Release|Any CPU
		{590B0308-EE72-4303-A7ED-BF4CCD4FCCC9}.SingleImage|Any CPU.ActiveCfg = Release|Any CPU
		{590B0308-EE72-4303-A7ED-BF4CCD4FCCC9}.SingleImage|Any CPU.Build.0 = Release|Any CPU
		{8FB9BA3E-348D-438A-BD72-B782F125D926}.CD_ROM|Any CPU.ActiveCfg = Release|Any CPU
		{8FB9BA3E-348D-438A-BD72-B782F125D926}.CD_ROM|Any CPU.Build.0 = Release|Any CPU
		{8FB9BA3E-348D-438A-BD72-B782F125D926}.Debug|Any CPU.ActiveCfg = Debug|Any CPU
		{8FB9BA3E-348D-438A-BD72-B782F125D926}.Debug|Any CPU.Build.0 = Debug|Any CPU
		{8FB9BA3E-348D-438A-BD72-B782F125D926}.DVD-5|Any CPU.ActiveCfg = Debug|Any CPU
		{8FB9BA3E-348D-438A-BD72-B782F125D926}.DVD-5|Any CPU.Build.0 = Debug|Any CPU
		{8FB9BA3E-348D-438A-BD72-B782F125D926}.Release|Any CPU.ActiveCfg = Release|Any CPU
		{8FB9BA3E-348D-438A-BD72-B782F125D926}.Release|Any CPU.Build.0 = Release|Any CPU
		{8FB9BA3E-348D-438A-BD72-B782F125D926}.SingleImage|Any CPU.ActiveCfg = Release|Any CPU
		{8FB9BA3E-348D-438A-BD72-B782F125D926}.SingleImage|Any CPU.Build.0 = Release|Any CPU
		{36D6B04E-73C9-4A37-852E-F9E8D51F52D7}.CD_ROM|Any CPU.ActiveCfg = Release|Any CPU
		{36D6B04E-73C9-4A37-852E-F9E8D51F52D7}.CD_ROM|Any CPU.Build.0 = Release|Any CPU
		{36D6B04E-73C9-4A37-852E-F9E8D51F52D7}.Debug|Any CPU.ActiveCfg = Debug|Any CPU
		{36D6B04E-73C9-4A37-852E-F9E8D51F52D7}.Debug|Any CPU.Build.0 = Debug|Any CPU
		{36D6B04E-73C9-4A37-852E-F9E8D51F52D7}.DVD-5|Any CPU.ActiveCfg = Debug|Any CPU
		{36D6B04E-73C9-4A37-852E-F9E8D51F52D7}.DVD-5|Any CPU.Build.0 = Debug|Any CPU
		{36D6B04E-73C9-4A37-852E-F9E8D51F52D7}.Release|Any CPU.ActiveCfg = Release|Any CPU
		{36D6B04E-73C9-4A37-852E-F9E8D51F52D7}.Release|Any CPU.Build.0 = Release|Any CPU
		{36D6B04E-73C9-4A37-852E-F9E8D51F52D7}.SingleImage|Any CPU.ActiveCfg = Release|Any CPU
		{36D6B04E-73C9-4A37-852E-F9E8D51F52D7}.SingleImage|Any CPU.Build.0 = Release|Any CPU
		{B9140E4F-36EA-49CE-B07E-E82C500BA5AB}.CD_ROM|Any CPU.ActiveCfg = Release|Any CPU
		{B9140E4F-36EA-49CE-B07E-E82C500BA5AB}.CD_ROM|Any CPU.Build.0 = Release|Any CPU
		{B9140E4F-36EA-49CE-B07E-E82C500BA5AB}.Debug|Any CPU.ActiveCfg = Debug|Any CPU
		{B9140E4F-36EA-49CE-B07E-E82C500BA5AB}.Debug|Any CPU.Build.0 = Debug|Any CPU
		{B9140E4F-36EA-49CE-B07E-E82C500BA5AB}.DVD-5|Any CPU.ActiveCfg = Debug|Any CPU
		{B9140E4F-36EA-49CE-B07E-E82C500BA5AB}.DVD-5|Any CPU.Build.0 = Debug|Any CPU
		{B9140E4F-36EA-49CE-B07E-E82C500BA5AB}.Release|Any CPU.ActiveCfg = Release|Any CPU
		{B9140E4F-36EA-49CE-B07E-E82C500BA5AB}.Release|Any CPU.Build.0 = Release|Any CPU
		{B9140E4F-36EA-49CE-B07E-E82C500BA5AB}.SingleImage|Any CPU.ActiveCfg = Release|Any CPU
		{B9140E4F-36EA-49CE-B07E-E82C500BA5AB}.SingleImage|Any CPU.Build.0 = Release|Any CPU
		{A3578207-7334-4A9F-BB16-B7DAB306916E}.CD_ROM|Any CPU.ActiveCfg = Release|Any CPU
		{A3578207-7334-4A9F-BB16-B7DAB306916E}.CD_ROM|Any CPU.Build.0 = Release|Any CPU
		{A3578207-7334-4A9F-BB16-B7DAB306916E}.Debug|Any CPU.ActiveCfg = Debug|Any CPU
		{A3578207-7334-4A9F-BB16-B7DAB306916E}.Debug|Any CPU.Build.0 = Debug|Any CPU
		{A3578207-7334-4A9F-BB16-B7DAB306916E}.DVD-5|Any CPU.ActiveCfg = Debug|Any CPU
		{A3578207-7334-4A9F-BB16-B7DAB306916E}.DVD-5|Any CPU.Build.0 = Debug|Any CPU
		{A3578207-7334-4A9F-BB16-B7DAB306916E}.Release|Any CPU.ActiveCfg = Release|Any CPU
		{A3578207-7334-4A9F-BB16-B7DAB306916E}.Release|Any CPU.Build.0 = Release|Any CPU
		{A3578207-7334-4A9F-BB16-B7DAB306916E}.SingleImage|Any CPU.ActiveCfg = Release|Any CPU
		{A3578207-7334-4A9F-BB16-B7DAB306916E}.SingleImage|Any CPU.Build.0 = Release|Any CPU
		{82F689DB-897E-49E5-987C-5B76401CAC90}.CD_ROM|Any CPU.ActiveCfg = Release|Any CPU
		{82F689DB-897E-49E5-987C-5B76401CAC90}.CD_ROM|Any CPU.Build.0 = Release|Any CPU
		{82F689DB-897E-49E5-987C-5B76401CAC90}.Debug|Any CPU.ActiveCfg = Debug|Any CPU
		{82F689DB-897E-49E5-987C-5B76401CAC90}.Debug|Any CPU.Build.0 = Debug|Any CPU
		{82F689DB-897E-49E5-987C-5B76401CAC90}.DVD-5|Any CPU.ActiveCfg = Debug|Any CPU
		{82F689DB-897E-49E5-987C-5B76401CAC90}.DVD-5|Any CPU.Build.0 = Debug|Any CPU
		{82F689DB-897E-49E5-987C-5B76401CAC90}.Release|Any CPU.ActiveCfg = Release|Any CPU
		{82F689DB-897E-49E5-987C-5B76401CAC90}.Release|Any CPU.Build.0 = Release|Any CPU
		{82F689DB-897E-49E5-987C-5B76401CAC90}.SingleImage|Any CPU.ActiveCfg = Release|Any CPU
		{82F689DB-897E-49E5-987C-5B76401CAC90}.SingleImage|Any CPU.Build.0 = Release|Any CPU
		{B1976AC2-E788-4B21-A99B-7EA1348CEB84}.CD_ROM|Any CPU.ActiveCfg = Release|Any CPU
		{B1976AC2-E788-4B21-A99B-7EA1348CEB84}.CD_ROM|Any CPU.Build.0 = Release|Any CPU
		{B1976AC2-E788-4B21-A99B-7EA1348CEB84}.Debug|Any CPU.ActiveCfg = Debug|Any CPU
		{B1976AC2-E788-4B21-A99B-7EA1348CEB84}.Debug|Any CPU.Build.0 = Debug|Any CPU
		{B1976AC2-E788-4B21-A99B-7EA1348CEB84}.DVD-5|Any CPU.ActiveCfg = Debug|Any CPU
		{B1976AC2-E788-4B21-A99B-7EA1348CEB84}.DVD-5|Any CPU.Build.0 = Debug|Any CPU
		{B1976AC2-E788-4B21-A99B-7EA1348CEB84}.Release|Any CPU.ActiveCfg = Release|Any CPU
		{B1976AC2-E788-4B21-A99B-7EA1348CEB84}.Release|Any CPU.Build.0 = Release|Any CPU
		{B1976AC2-E788-4B21-A99B-7EA1348CEB84}.SingleImage|Any CPU.ActiveCfg = Release|Any CPU
		{B1976AC2-E788-4B21-A99B-7EA1348CEB84}.SingleImage|Any CPU.Build.0 = Release|Any CPU
		{38442A1D-E33D-4006-B99D-6C6D8601945F}.CD_ROM|Any CPU.ActiveCfg = CD_ROM
		{38442A1D-E33D-4006-B99D-6C6D8601945F}.CD_ROM|Any CPU.Build.0 = CD_ROM
		{38442A1D-E33D-4006-B99D-6C6D8601945F}.Debug|Any CPU.ActiveCfg = DVD-5
		{38442A1D-E33D-4006-B99D-6C6D8601945F}.Debug|Any CPU.Build.0 = DVD-5
		{38442A1D-E33D-4006-B99D-6C6D8601945F}.DVD-5|Any CPU.ActiveCfg = DVD-5
		{38442A1D-E33D-4006-B99D-6C6D8601945F}.DVD-5|Any CPU.Build.0 = DVD-5
		{38442A1D-E33D-4006-B99D-6C6D8601945F}.Release|Any CPU.ActiveCfg = SingleImage
		{38442A1D-E33D-4006-B99D-6C6D8601945F}.Release|Any CPU.Build.0 = SingleImage
		{38442A1D-E33D-4006-B99D-6C6D8601945F}.SingleImage|Any CPU.ActiveCfg = SingleImage
		{38442A1D-E33D-4006-B99D-6C6D8601945F}.SingleImage|Any CPU.Build.0 = SingleImage
	EndGlobalSection
	GlobalSection(SolutionProperties) = preSolution
		HideSolutionNode = FALSE
	EndGlobalSection
	GlobalSection(NestedProjects) = preSolution
		{590B0308-EE72-4303-A7ED-BF4CCD4FCCC9} = {23EE0B49-2AD2-4992-B13F-668B7FA00356}
		{8FB9BA3E-348D-438A-BD72-B782F125D926} = {23EE0B49-2AD2-4992-B13F-668B7FA00356}
		{A3578207-7334-4A9F-BB16-B7DAB306916E} = {23EE0B49-2AD2-4992-B13F-668B7FA00356}
		{B1976AC2-E788-4B21-A99B-7EA1348CEB84} = {23EE0B49-2AD2-4992-B13F-668B7FA00356}
	EndGlobalSection
EndGlobal
